
Microsoft Visual Studio Solution File, Format Version 12.00
Project("{FAE04EC0-301F-11D3-BF4B-00C04F79EFBC}") = "DigitalOwl.Api", "DigitalOwl.Api\DigitalOwl.Api.csproj", "{C3D8066D-8B65-4610-9BC1-53AE8733EB11}"
EndProject
Project("{FAE04EC0-301F-11D3-BF4B-00C04F79EFBC}") = "DigitalOwl.Migrations", "DigitalOwl.Migrations\DigitalOwl.Migrations.csproj", "{9A7DEB53-BCA4-4411-A626-4A77B73F21B7}"
EndProject
Project("{FAE04EC0-301F-11D3-BF4B-00C04F79EFBC}") = "DigitalOwl.Repository", "DigitalOwl.Repository\DigitalOwl.Repository.csproj", "{1F83731D-8224-4B31-B94E-8D7CEC70EC64}"
EndProject
Project("{FAE04EC0-301F-11D3-BF4B-00C04F79EFBC}") = "DigitalOwl.Service", "DigitalOwl.Service\DigitalOwl.Service.csproj", "{93FACBE4-268D-4344-80F1-FD2AC96D3C79}"
EndProject
Project("{FAE04EC0-301F-11D3-BF4B-00C04F79EFBC}") = "DigitalOwl.UnitTest", "DigitalOwl.UnitTest\DigitalOwl.UnitTest.csproj", "{76A9DCE2-4D8A-419E-AC63-043D499DDC4C}"
EndProject
Project("{FAE04EC0-301F-11D3-BF4B-00C04F79EFBC}") = "DigitalOwl.Database", "DigitalOwl.Database\DigitalOwl.Database.csproj", "{ADC89EE2-5778-462B-98C6-7DD00CD2BA14}"
EndProject
Project("{2150E333-8FDC-42A3-9474-1A3956D46DE8}") = "Backend", "Backend", "{0E10FC71-79B0-4208-BB77-BFA9B5F7D1F9}"
EndProject
Project("{2150E333-8FDC-42A3-9474-1A3956D46DE8}") = "Frontend", "Frontend", "{3FB64F77-8938-4536-86B2-5DC86168CC0A}"
EndProject
Project("{2150E333-8FDC-42A3-9474-1A3956D46DE8}") = "Test", "Test", "{CE207702-BA59-4E40-B43C-980ADCF68C3F}"
EndProject
Project("{2150E333-8FDC-42A3-9474-1A3956D46DE8}") = "Utils", "Utils", "{98BABE1E-193B-4545-ADB9-5B66A02F6A54}"
EndProject
Project("{FAE04EC0-301F-11D3-BF4B-00C04F79EFBC}") = "DigitalOwl.Scripts", "DigitalOwl.Scripts\DigitalOwl.Scripts.csproj", "{E07D9344-19B4-494D-AD27-03766AB92B7E}"
EndProject
Project("{FAE04EC0-301F-11D3-BF4B-00C04F79EFBC}") = "DigitalOwl.WebAppClient", "DigitalOwl.WebAppClient\DigitalOwl.WebAppClient.csproj", "{C56E8130-D017-4E2B-872B-B89CD8B87C67}"
EndProject
Global
	GlobalSection(SolutionConfigurationPlatforms) = preSolution
		Debug|Any CPU = Debug|Any CPU
		Release|Any CPU = Release|Any CPU
	EndGlobalSection
	GlobalSection(ProjectConfigurationPlatforms) = postSolution
		{C3D8066D-8B65-4610-9BC1-53AE8733EB11}.Debug|Any CPU.ActiveCfg = Debug|Any CPU
		{C3D8066D-8B65-4610-9BC1-53AE8733EB11}.Debug|Any CPU.Build.0 = Debug|Any CPU
		{C3D8066D-8B65-4610-9BC1-53AE8733EB11}.Release|Any CPU.ActiveCfg = Release|Any CPU
		{C3D8066D-8B65-4610-9BC1-53AE8733EB11}.Release|Any CPU.Build.0 = Release|Any CPU
		{9A7DEB53-BCA4-4411-A626-4A77B73F21B7}.Debug|Any CPU.ActiveCfg = Debug|Any CPU
		{9A7DEB53-BCA4-4411-A626-4A77B73F21B7}.Debug|Any CPU.Build.0 = Debug|Any CPU
		{9A7DEB53-BCA4-4411-A626-4A77B73F21B7}.Release|Any CPU.ActiveCfg = Release|Any CPU
		{9A7DEB53-BCA4-4411-A626-4A77B73F21B7}.Release|Any CPU.Build.0 = Release|Any CPU
		{1F83731D-8224-4B31-B94E-8D7CEC70EC64}.Debug|Any CPU.ActiveCfg = Debug|Any CPU
		{1F83731D-8224-4B31-B94E-8D7CEC70EC64}.Debug|Any CPU.Build.0 = Debug|Any CPU
		{1F83731D-8224-4B31-B94E-8D7CEC70EC64}.Release|Any CPU.ActiveCfg = Release|Any CPU
		{1F83731D-8224-4B31-B94E-8D7CEC70EC64}.Release|Any CPU.Build.0 = Release|Any CPU
		{93FACBE4-268D-4344-80F1-FD2AC96D3C79}.Debug|Any CPU.ActiveCfg = Debug|Any CPU
		{93FACBE4-268D-4344-80F1-FD2AC96D3C79}.Debug|Any CPU.Build.0 = Debug|Any CPU
		{93FACBE4-268D-4344-80F1-FD2AC96D3C79}.Release|Any CPU.ActiveCfg = Release|Any CPU
		{93FACBE4-268D-4344-80F1-FD2AC96D3C79}.Release|Any CPU.Build.0 = Release|Any CPU
		{76A9DCE2-4D8A-419E-AC63-043D499DDC4C}.Debug|Any CPU.ActiveCfg = Debug|Any CPU
		{76A9DCE2-4D8A-419E-AC63-043D499DDC4C}.Debug|Any CPU.Build.0 = Debug|Any CPU
		{76A9DCE2-4D8A-419E-AC63-043D499DDC4C}.Release|Any CPU.ActiveCfg = Release|Any CPU
		{76A9DCE2-4D8A-419E-AC63-043D499DDC4C}.Release|Any CPU.Build.0 = Release|Any CPU
		{ADC89EE2-5778-462B-98C6-7DD00CD2BA14}.Debug|Any CPU.ActiveCfg = Debug|Any CPU
		{ADC89EE2-5778-462B-98C6-7DD00CD2BA14}.Debug|Any CPU.Build.0 = Debug|Any CPU
		{ADC89EE2-5778-462B-98C6-7DD00CD2BA14}.Release|Any CPU.ActiveCfg = Release|Any CPU
		{ADC89EE2-5778-462B-98C6-7DD00CD2BA14}.Release|Any CPU.Build.0 = Release|Any CPU
		{E07D9344-19B4-494D-AD27-03766AB92B7E}.Debug|Any CPU.ActiveCfg = Debug|Any CPU
		{E07D9344-19B4-494D-AD27-03766AB92B7E}.Debug|Any CPU.Build.0 = Debug|Any CPU
		{E07D9344-19B4-494D-AD27-03766AB92B7E}.Release|Any CPU.ActiveCfg = Release|Any CPU
		{E07D9344-19B4-494D-AD27-03766AB92B7E}.Release|Any CPU.Build.0 = Release|Any CPU
		{C56E8130-D017-4E2B-872B-B89CD8B87C67}.Debug|Any CPU.ActiveCfg = Debug|Any CPU
		{C56E8130-D017-4E2B-872B-B89CD8B87C67}.Debug|Any CPU.Build.0 = Debug|Any CPU
		{C56E8130-D017-4E2B-872B-B89CD8B87C67}.Release|Any CPU.ActiveCfg = Release|Any CPU
		{C56E8130-D017-4E2B-872B-B89CD8B87C67}.Release|Any CPU.Build.0 = Release|Any CPU
	EndGlobalSection
	GlobalSection(NestedProjects) = preSolution
		{C3D8066D-8B65-4610-9BC1-53AE8733EB11} = {0E10FC71-79B0-4208-BB77-BFA9B5F7D1F9}
		{1F83731D-8224-4B31-B94E-8D7CEC70EC64} = {0E10FC71-79B0-4208-BB77-BFA9B5F7D1F9}
		{93FACBE4-268D-4344-80F1-FD2AC96D3C79} = {0E10FC71-79B0-4208-BB77-BFA9B5F7D1F9}
		{76A9DCE2-4D8A-419E-AC63-043D499DDC4C} = {CE207702-BA59-4E40-B43C-980ADCF68C3F}
		{ADC89EE2-5778-462B-98C6-7DD00CD2BA14} = {98BABE1E-193B-4545-ADB9-5B66A02F6A54}
		{9A7DEB53-BCA4-4411-A626-4A77B73F21B7} = {98BABE1E-193B-4545-ADB9-5B66A02F6A54}
		{E07D9344-19B4-494D-AD27-03766AB92B7E} = {98BABE1E-193B-4545-ADB9-5B66A02F6A54}
		{C56E8130-D017-4E2B-872B-B89CD8B87C67} = {3FB64F77-8938-4536-86B2-5DC86168CC0A}
	EndGlobalSection
EndGlobal
